Microsoft Visual Studio Solution File, Format Version 12.00
# Visual Studio Version 17
VisualStudioVersion = 17.5.2.0
MinimumVisualStudioVersion = 10.0.40219.1
Project("{FAE04EC0-301F-11D3-BF4B-00C04F79EFBC}") = "Intent.Modules.AI.Angular", "Intent.Modules.AI.Angular.csproj", "{97555722-AFD3-F22E-5EC6-5CE5D875F2D2}"
EndProject
Global
	GlobalSection(SolutionConfigurationPlatforms) = preSolution
		Debug|Any CPU = Debug|Any CPU
		Release|Any CPU = Release|Any CPU
	EndGlobalSection
	GlobalSection(ProjectConfigurationPlatforms) = postSolution
		{97555722-AFD3-F22E-5EC6-5CE5D875F2D2}.Debug|Any CPU.ActiveCfg = Debug|Any CPU
		{97555722-AFD3-F22E-5EC6-5CE5D875F2D2}.Debug|Any CPU.Build.0 = Debug|Any CPU
		{97555722-AFD3-F22E-5EC6-5CE5D875F2D2}.Release|Any CPU.ActiveCfg = Release|Any CPU
		{97555722-AFD3-F22E-5EC6-5CE5D875F2D2}.Release|Any CPU.Build.0 = Release|Any CPU
	EndGlobalSection
	GlobalSection(SolutionProperties) = preSolution
		HideSolutionNode = FALSE
	EndGlobalSection
	GlobalSection(ExtensibilityGlobals) = postSolution
		SolutionGuid = {D42C1DC6-2350-479F-988F-83B3814E9FF5}
	EndGlobalSection
EndGlobal
