Microsoft Visual Studio Solution File, Format Version 12.00
# Visual Studio Version 16
VisualStudioVersion = 16.0.30011.22
MinimumVisualStudioVersion = 10.0.40219.1
Project("{52B49DB5-3EA9-4095-B1A7-DF1AC22D7DAE}") = "Intent.Modules.Modelers.WebClient", "Intent.Modules.Modelers.WebClient\Intent.Modules.Modelers.WebClient.csproj", "{10CF9138-E2FA-40A2-9599-11973C7E429D}"
EndProject
Project("{52B49DB5-3EA9-4095-B1A7-DF1AC22D7DAE}") = "Intent.Modules.Angular", "Intent.Modules.Angular\Intent.Modules.Angular.csproj", "{3BA65C1B-BA94-4A8F-B35A-C9B9C401975E}"
EndProject
Project("{52B49DB5-3EA9-4095-B1A7-DF1AC22D7DAE}") = "Intent.Modules.Angular.Layout", "Intent.Modules.Angular.Layout\Intent.Modules.Angular.Layout.csproj", "{09081CF8-1475-47D6-9199-FC13A83E960D}"
EndProject
Project("{2150E333-8FDC-42A3-9474-1A3956D46DE8}") = "Angular", "Angular", "{A0A03C99-B672-4CAC-B744-D1022C2B7DF7}"
EndProject
Project("{2150E333-8FDC-42A3-9474-1A3956D46DE8}") = "Designer", "Designer", "{AB4A5A3E-4A31-43C5-A4EC-F3A14831D754}"
EndProject
Project("{52B49DB5-3EA9-4095-B1A7-DF1AC22D7DAE}") = "Intent.Modules.Angular.ServiceProxies", "Intent.Modules.Angular.ServiceProxies\Intent.Modules.Angular.ServiceProxies.csproj", "{6D139C9A-784D-48B9-A4AF-E24859654DBA}"
EndProject
Project("{52B49DB5-3EA9-4095-B1A7-DF1AC22D7DAE}") = "Intent.Modules.Modelers.WebClient.Angular", "Intent.Modules.Modelers.WebClient.Angular\Intent.Modules.Modelers.WebClient.Angular.csproj", "{74DDE750-06F1-4029-AADA-873CC2E5BD4E}"
EndProject
Project("{52B49DB5-3EA9-4095-B1A7-DF1AC22D7DAE}") = "Intent.ApplicationTemplates.Web", "Intent.ApplicationTemplates.Web\Intent.ApplicationTemplates.Web.csproj", "{41DBB0B8-E41C-4861-8610-5C409A85BA14}"
EndProject
Project("{2150E333-8FDC-42A3-9474-1A3956D46DE8}") = "ApplicationTemplates", "ApplicationTemplates", "{751BFE9F-22F3-46EC-BB39-88BA38B8ECB8}"
EndProject
Project("{52B49DB5-3EA9-4095-B1A7-DF1AC22D7DAE}") = "Intent.Modules.Angular.ApiAuthorization", "Intent.Modules.Angular.ApiAuthorization\Intent.Modules.Angular.ApiAuthorization.csproj", "{0B4155BA-8B36-4EB9-A383-2D23EE7113A3}"
EndProject
Global
	GlobalSection(SolutionConfigurationPlatforms) = preSolution
		Debug|Any CPU = Debug|Any CPU
		Release|Any CPU = Release|Any CPU
	EndGlobalSection
	GlobalSection(ProjectConfigurationPlatforms) = postSolution
		{10CF9138-E2FA-40A2-9599-11973C7E429D}.Debug|Any CPU.ActiveCfg = Debug|Any CPU
		{10CF9138-E2FA-40A2-9599-11973C7E429D}.Debug|Any CPU.Build.0 = Debug|Any CPU
		{10CF9138-E2FA-40A2-9599-11973C7E429D}.Release|Any CPU.ActiveCfg = Release|Any CPU
		{10CF9138-E2FA-40A2-9599-11973C7E429D}.Release|Any CPU.Build.0 = Release|Any CPU
		{3BA65C1B-BA94-4A8F-B35A-C9B9C401975E}.Debug|Any CPU.ActiveCfg = Debug|Any CPU
		{3BA65C1B-BA94-4A8F-B35A-C9B9C401975E}.Debug|Any CPU.Build.0 = Debug|Any CPU
		{3BA65C1B-BA94-4A8F-B35A-C9B9C401975E}.Release|Any CPU.ActiveCfg = Release|Any CPU
		{3BA65C1B-BA94-4A8F-B35A-C9B9C401975E}.Release|Any CPU.Build.0 = Release|Any CPU
		{09081CF8-1475-47D6-9199-FC13A83E960D}.Debug|Any CPU.ActiveCfg = Debug|Any CPU
		{09081CF8-1475-47D6-9199-FC13A83E960D}.Debug|Any CPU.Build.0 = Debug|Any CPU
		{09081CF8-1475-47D6-9199-FC13A83E960D}.Release|Any CPU.ActiveCfg = Release|Any CPU
		{09081CF8-1475-47D6-9199-FC13A83E960D}.Release|Any CPU.Build.0 = Release|Any CPU
		{6D139C9A-784D-48B9-A4AF-E24859654DBA}.Debug|Any CPU.ActiveCfg = Debug|Any CPU
		{6D139C9A-784D-48B9-A4AF-E24859654DBA}.Debug|Any CPU.Build.0 = Debug|Any CPU
		{6D139C9A-784D-48B9-A4AF-E24859654DBA}.Release|Any CPU.ActiveCfg = Release|Any CPU
		{6D139C9A-784D-48B9-A4AF-E24859654DBA}.Release|Any CPU.Build.0 = Release|Any CPU
		{74DDE750-06F1-4029-AADA-873CC2E5BD4E}.Debug|Any CPU.ActiveCfg = Debug|Any CPU
		{74DDE750-06F1-4029-AADA-873CC2E5BD4E}.Debug|Any CPU.Build.0 = Debug|Any CPU
		{74DDE750-06F1-4029-AADA-873CC2E5BD4E}.Release|Any CPU.ActiveCfg = Release|Any CPU
		{74DDE750-06F1-4029-AADA-873CC2E5BD4E}.Release|Any CPU.Build.0 = Release|Any CPU
		{41DBB0B8-E41C-4861-8610-5C409A85BA14}.Debug|Any CPU.ActiveCfg = Debug|Any CPU
		{41DBB0B8-E41C-4861-8610-5C409A85BA14}.Debug|Any CPU.Build.0 = Debug|Any CPU
		{41DBB0B8-E41C-4861-8610-5C409A85BA14}.Release|Any CPU.ActiveCfg = Release|Any CPU
		{41DBB0B8-E41C-4861-8610-5C409A85BA14}.Release|Any CPU.Build.0 = Release|Any CPU
		{0B4155BA-8B36-4EB9-A383-2D23EE7113A3}.Debug|Any CPU.ActiveCfg = Debug|Any CPU
		{0B4155BA-8B36-4EB9-A383-2D23EE7113A3}.Debug|Any CPU.Build.0 = Debug|Any CPU
		{0B4155BA-8B36-4EB9-A383-2D23EE7113A3}.Release|Any CPU.ActiveCfg = Release|Any CPU
		{0B4155BA-8B36-4EB9-A383-2D23EE7113A3}.Release|Any CPU.Build.0 = Release|Any CPU
	EndGlobalSection
	GlobalSection(SolutionProperties) = preSolution
		HideSolutionNode = FALSE
	EndGlobalSection
	GlobalSection(NestedProjects) = preSolution
		{10CF9138-E2FA-40A2-9599-11973C7E429D} = {AB4A5A3E-4A31-43C5-A4EC-F3A14831D754}
		{3BA65C1B-BA94-4A8F-B35A-C9B9C401975E} = {A0A03C99-B672-4CAC-B744-D1022C2B7DF7}
		{09081CF8-1475-47D6-9199-FC13A83E960D} = {A0A03C99-B672-4CAC-B744-D1022C2B7DF7}
		{6D139C9A-784D-48B9-A4AF-E24859654DBA} = {A0A03C99-B672-4CAC-B744-D1022C2B7DF7}
		{74DDE750-06F1-4029-AADA-873CC2E5BD4E} = {AB4A5A3E-4A31-43C5-A4EC-F3A14831D754}
		{41DBB0B8-E41C-4861-8610-5C409A85BA14} = {751BFE9F-22F3-46EC-BB39-88BA38B8ECB8}
		{0B4155BA-8B36-4EB9-A383-2D23EE7113A3} = {A0A03C99-B672-4CAC-B744-D1022C2B7DF7}
	EndGlobalSection
	GlobalSection(ExtensibilityGlobals) = postSolution
		SolutionGuid = {9A6E9459-F9E0-4E3C-BE28-09642ECC30F4}
	EndGlobalSection
EndGlobal
