Microsoft Visual Studio Solution File, Format Version 12.00
# Visual Studio Version 16
VisualStudioVersion = 16.0.30011.22
MinimumVisualStudioVersion = 10.0.40219.1
Project("{9A19103F-16F7-4668-BE54-9A1E7A4F7556}") = "Intent.Modules.Modelers.WebClient", "Intent.Modules.Modelers.WebClient\Intent.Modules.Modelers.WebClient.csproj", "{10CF9138-E2FA-40A2-9599-11973C7E429D}"
EndProject
Project("{9A19103F-16F7-4668-BE54-9A1E7A4F7556}") = "Intent.Modules.Angular", "Intent.Modules.Angular\Intent.Modules.Angular.csproj", "{3BA65C1B-BA94-4A8F-B35A-C9B9C401975E}"
EndProject
Project("{9A19103F-16F7-4668-BE54-9A1E7A4F7556}") = "Intent.Modules.Angular.Layout", "Intent.Modules.Angular.Layout\Intent.Modules.Angular.Layout.csproj", "{09081CF8-1475-47D6-9199-FC13A83E960D}"
EndProject
Project("{FAE04EC0-301F-11D3-BF4B-00C04F79EFBC}") = "Intent.Modules.Typescript.ServiceAgent.AngularJs", "Intent.Modules.Typescript.ServiceAgent.AngularJs\Intent.Modules.Typescript.ServiceAgent.AngularJs.csproj", "{FDC479ED-9D0A-4D6B-99D3-53C4CD41E852}"
EndProject
Project("{9A19103F-16F7-4668-BE54-9A1E7A4F7556}") = "Intent.Modules.Typescript.ServiceAgent.Contracts", "Intent.Modules.Typescript.ServiceAgent.Contracts\Intent.Modules.Typescript.ServiceAgent.Contracts.csproj", "{81ECD8F7-4E0C-4508-9BC6-3AF380D736A3}"
EndProject
Global
	GlobalSection(SolutionConfigurationPlatforms) = preSolution
		Debug|Any CPU = Debug|Any CPU
		Release|Any CPU = Release|Any CPU
	EndGlobalSection
	GlobalSection(ProjectConfigurationPlatforms) = postSolution
		{10CF9138-E2FA-40A2-9599-11973C7E429D}.Debug|Any CPU.ActiveCfg = Debug|Any CPU
		{10CF9138-E2FA-40A2-9599-11973C7E429D}.Debug|Any CPU.Build.0 = Debug|Any CPU
		{10CF9138-E2FA-40A2-9599-11973C7E429D}.Release|Any CPU.ActiveCfg = Release|Any CPU
		{10CF9138-E2FA-40A2-9599-11973C7E429D}.Release|Any CPU.Build.0 = Release|Any CPU
		{3BA65C1B-BA94-4A8F-B35A-C9B9C401975E}.Debug|Any CPU.ActiveCfg = Debug|Any CPU
		{3BA65C1B-BA94-4A8F-B35A-C9B9C401975E}.Debug|Any CPU.Build.0 = Debug|Any CPU
		{3BA65C1B-BA94-4A8F-B35A-C9B9C401975E}.Release|Any CPU.ActiveCfg = Release|Any CPU
		{3BA65C1B-BA94-4A8F-B35A-C9B9C401975E}.Release|Any CPU.Build.0 = Release|Any CPU
		{09081CF8-1475-47D6-9199-FC13A83E960D}.Debug|Any CPU.ActiveCfg = Debug|Any CPU
		{09081CF8-1475-47D6-9199-FC13A83E960D}.Debug|Any CPU.Build.0 = Debug|Any CPU
		{09081CF8-1475-47D6-9199-FC13A83E960D}.Release|Any CPU.ActiveCfg = Release|Any CPU
		{09081CF8-1475-47D6-9199-FC13A83E960D}.Release|Any CPU.Build.0 = Release|Any CPU
		{FDC479ED-9D0A-4D6B-99D3-53C4CD41E852}.Debug|Any CPU.ActiveCfg = Debug|Any CPU
		{FDC479ED-9D0A-4D6B-99D3-53C4CD41E852}.Debug|Any CPU.Build.0 = Debug|Any CPU
		{FDC479ED-9D0A-4D6B-99D3-53C4CD41E852}.Release|Any CPU.ActiveCfg = Release|Any CPU
		{FDC479ED-9D0A-4D6B-99D3-53C4CD41E852}.Release|Any CPU.Build.0 = Release|Any CPU
		{81ECD8F7-4E0C-4508-9BC6-3AF380D736A3}.Debug|Any CPU.ActiveCfg = Debug|Any CPU
		{81ECD8F7-4E0C-4508-9BC6-3AF380D736A3}.Debug|Any CPU.Build.0 = Debug|Any CPU
		{81ECD8F7-4E0C-4508-9BC6-3AF380D736A3}.Release|Any CPU.ActiveCfg = Release|Any CPU
		{81ECD8F7-4E0C-4508-9BC6-3AF380D736A3}.Release|Any CPU.Build.0 = Release|Any CPU
	EndGlobalSection
	GlobalSection(SolutionProperties) = preSolution
		HideSolutionNode = FALSE
	EndGlobalSection
	GlobalSection(ExtensibilityGlobals) = postSolution
		SolutionGuid = {9A6E9459-F9E0-4E3C-BE28-09642ECC30F4}
	EndGlobalSection
EndGlobal
